
Microsoft Visual Studio Solution File, Format Version 12.00
Project("{FAE04EC0-301F-11D3-BF4B-00C04F79EFBC}") = "Sistema de Hospedagem de um Hotel", "Sistema de Hospedagem de um Hotel\Sistema de Hospedagem de um Hotel.csproj", "{43FB30AE-68A4-40BF-9DC7-F3C9104CDC52}"
EndProject
Global
	GlobalSection(SolutionConfigurationPlatforms) = preSolution
		Debug|Any CPU = Debug|Any CPU
		Release|Any CPU = Release|Any CPU
	EndGlobalSection
	GlobalSection(ProjectConfigurationPlatforms) = postSolution
		{43FB30AE-68A4-40BF-9DC7-F3C9104CDC52}.Debug|Any CPU.ActiveCfg = Debug|Any CPU
		{43FB30AE-68A4-40BF-9DC7-F3C9104CDC52}.Debug|Any CPU.Build.0 = Debug|Any CPU
		{43FB30AE-68A4-40BF-9DC7-F3C9104CDC52}.Release|Any CPU.ActiveCfg = Release|Any CPU
		{43FB30AE-68A4-40BF-9DC7-F3C9104CDC52}.Release|Any CPU.Build.0 = Release|Any CPU
	EndGlobalSection
EndGlobal
